
Microsoft Visual Studio Solution File, Format Version 12.00
# Visual Studio Version 17
VisualStudioVersion = 17.0.31919.166
MinimumVisualStudioVersion = 10.0.40219.1
Project("{FAE04EC0-301F-11D3-BF4B-00C04F79EFBC}") = "CoreComponentModel", "CoreComponentModel\CoreComponentModel.csproj", "{082AF89F-D525-4CBC-810D-5472897312BD}"
EndProject
Project("{FAE04EC0-301F-11D3-BF4B-00C04F79EFBC}") = "CoreComponentModelTest", "CoreComponentModelTest\CoreComponentModelTest.csproj", "{41DEFBF7-EFBB-4ABE-AFA7-44833765FF7B}"
EndProject
Global
	GlobalSection(SolutionConfigurationPlatforms) = preSolution
		Debug|Any CPU = Debug|Any CPU
		Release|Any CPU = Release|Any CPU
	EndGlobalSection
	GlobalSection(ProjectConfigurationPlatforms) = postSolution
		{082AF89F-D525-4CBC-810D-5472897312BD}.Debug|Any CPU.ActiveCfg = Debug|Any CPU
		{082AF89F-D525-4CBC-810D-5472897312BD}.Debug|Any CPU.Build.0 = Debug|Any CPU
		{082AF89F-D525-4CBC-810D-5472897312BD}.Release|Any CPU.ActiveCfg = Release|Any CPU
		{082AF89F-D525-4CBC-810D-5472897312BD}.Release|Any CPU.Build.0 = Release|Any CPU
		{41DEFBF7-EFBB-4ABE-AFA7-44833765FF7B}.Debug|Any CPU.ActiveCfg = Debug|Any CPU
		{41DEFBF7-EFBB-4ABE-AFA7-44833765FF7B}.Debug|Any CPU.Build.0 = Debug|Any CPU
		{41DEFBF7-EFBB-4ABE-AFA7-44833765FF7B}.Release|Any CPU.ActiveCfg = Release|Any CPU
		{41DEFBF7-EFBB-4ABE-AFA7-44833765FF7B}.Release|Any CPU.Build.0 = Release|Any CPU
	EndGlobalSection
	GlobalSection(SolutionProperties) = preSolution
		HideSolutionNode = FALSE
	EndGlobalSection
	GlobalSection(ExtensibilityGlobals) = postSolution
		SolutionGuid = {F6228425-30FB-476A-8DA0-F6F28AD348F5}
	EndGlobalSection
EndGlobal
